// !$*UTF8*$!
{
	archiveVersion = 1;
	classes = {
	};
	objectVersion = 56;
	objects = {

/* Begin PBXBuildFile section */
		3C194DBC2A8E2F7300AF4A5E /* AppDelegate.swift in Sources */ = {isa = PBXBuildFile; fileRef = 3C194DBB2A8E2F7300AF4A5E /* AppDelegate.swift */; };
		3C194DBE2A8E2F7300AF4A5E /* SceneDelegate.swift in Sources */ = {isa = PBXBuildFile; fileRef = 3C194DBD2A8E2F7300AF4A5E /* SceneDelegate.swift */; };
		3C194DC02A8E2F7300AF4A5E /* ListViewController.swift in Sources */ = {isa = PBXBuildFile; fileRef = 3C194DBF2A8E2F7300AF4A5E /* ListViewController.swift */; };
		3C194DC52A8E2F7500AF4A5E /* Assets.xcassets in Resources */ = {isa = PBXBuildFile; fileRef = 3C194DC42A8E2F7500AF4A5E /* Assets.xcassets */; };
		3C194DC82A8E2F7500AF4A5E /* LaunchScreen.storyboard in Resources */ = {isa = PBXBuildFile; fileRef = 3C194DC62A8E2F7500AF4A5E /* LaunchScreen.storyboard */; };
		3CBFC70E2A8E45C300FC65E3 /* NetworkManager.swift in Sources */ = {isa = PBXBuildFile; fileRef = 3CBFC70D2A8E45C300FC65E3 /* NetworkManager.swift */; };
		3CBFC7112A8E45E500FC65E3 /* RickAndMorty.swift in Sources */ = {isa = PBXBuildFile; fileRef = 3CBFC7102A8E45E500FC65E3 /* RickAndMorty.swift */; };
		3CBFC7132A8E45FB00FC65E3 /* Episode.swift in Sources */ = {isa = PBXBuildFile; fileRef = 3CBFC7122A8E45FB00FC65E3 /* Episode.swift */; };
		3CBFC7152A8E49C100FC65E3 /* CharacterCell.swift in Sources */ = {isa = PBXBuildFile; fileRef = 3CBFC7142A8E49C100FC65E3 /* CharacterCell.swift */; };
		3CBFC7182A8E591F00FC65E3 /* ImageCacheManager.swift in Sources */ = {isa = PBXBuildFile; fileRef = 3CBFC7172A8E591F00FC65E3 /* ImageCacheManager.swift */; };
		3CBFC71A2A8E5F8400FC65E3 /* DetailsViewController.swift in Sources */ = {isa = PBXBuildFile; fileRef = 3CBFC7192A8E5F8400FC65E3 /* DetailsViewController.swift */; };
		3CBFC71C2A8E617800FC65E3 /* MainViewCell.swift in Sources */ = {isa = PBXBuildFile; fileRef = 3CBFC71B2A8E617800FC65E3 /* MainViewCell.swift */; };
		3CBFC71E2A8E69A300FC65E3 /* SectionHeaderView.swift in Sources */ = {isa = PBXBuildFile; fileRef = 3CBFC71D2A8E69A300FC65E3 /* SectionHeaderView.swift */; };
		3CBFC7202A8E6B7800FC65E3 /* InfoCell.swift in Sources */ = {isa = PBXBuildFile; fileRef = 3CBFC71F2A8E6B7800FC65E3 /* InfoCell.swift */; };
		3CBFC7222A8E872900FC65E3 /* OriginCell.swift in Sources */ = {isa = PBXBuildFile; fileRef = 3CBFC7212A8E872900FC65E3 /* OriginCell.swift */; };
		3CBFC7242A8EB5D500FC65E3 /* EpisodeCell.swift in Sources */ = {isa = PBXBuildFile; fileRef = 3CBFC7232A8EB5D500FC65E3 /* EpisodeCell.swift */; };
		3CBFC7272A8F4C5200FC65E3 /* Colors.swift in Sources */ = {isa = PBXBuildFile; fileRef = 3CBFC7262A8F4C5200FC65E3 /* Colors.swift */; };
/* End PBXBuildFile section */

/* Begin PBXFileReference section */
		3C194DB82A8E2F7300AF4A5E /* RickAndMortyTestTask.app */ = {isa = PBXFileReference; explicitFileType = wrapper.application; includeInIndex = 0; path = RickAndMortyTestTask.app; sourceTree = BUILT_PRODUCTS_DIR; };
		3C194DBB2A8E2F7300AF4A5E /* AppDelegate.swift */ = {isa = PBXFileReference; lastKnownFileType = sourcecode.swift; path = AppDelegate.swift; sourceTree = "<group>"; };
		3C194DBD2A8E2F7300AF4A5E /* SceneDelegate.swift */ = {isa = PBXFileReference; lastKnownFileType = sourcecode.swift; path = SceneDelegate.swift; sourceTree = "<group>"; };
		3C194DBF2A8E2F7300AF4A5E /* ListViewController.swift */ = {isa = PBXFileReference; lastKnownFileType = sourcecode.swift; path = ListViewController.swift; sourceTree = "<group>"; };
		3C194DC42A8E2F7500AF4A5E /* Assets.xcassets */ = {isa = PBXFileReference; lastKnownFileType = folder.assetcatalog; path = Assets.xcassets; sourceTree = "<group>"; };
		3C194DC72A8E2F7500AF4A5E /* Base */ = {isa = PBXFileReference; lastKnownFileType = file.storyboard; name = Base; path = Base.lproj/LaunchScreen.storyboard; sourceTree = "<group>"; };
		3C194DC92A8E2F7500AF4A5E /* Info.plist */ = {isa = PBXFileReference; lastKnownFileType = text.plist.xml; path = Info.plist; sourceTree = "<group>"; };
		3CBFC70D2A8E45C300FC65E3 /* NetworkManager.swift */ = {isa = PBXFileReference; lastKnownFileType = sourcecode.swift; path = NetworkManager.swift; sourceTree = "<group>"; };
		3CBFC7102A8E45E500FC65E3 /* RickAndMorty.swift */ = {isa = PBXFileReference; lastKnownFileType = sourcecode.swift; path = RickAndMorty.swift; sourceTree = "<group>"; };
		3CBFC7122A8E45FB00FC65E3 /* Episode.swift */ = {isa = PBXFileReference; lastKnownFileType = sourcecode.swift; path = Episode.swift; sourceTree = "<group>"; };
		3CBFC7142A8E49C100FC65E3 /* CharacterCell.swift */ = {isa = PBXFileReference; lastKnownFileType = sourcecode.swift; path = CharacterCell.swift; sourceTree = "<group>"; };
		3CBFC7172A8E591F00FC65E3 /* ImageCacheManager.swift */ = {isa = PBXFileReference; lastKnownFileType = sourcecode.swift; path = ImageCacheManager.swift; sourceTree = "<group>"; };
		3CBFC7192A8E5F8400FC65E3 /* DetailsViewController.swift */ = {isa = PBXFileReference; lastKnownFileType = sourcecode.swift; path = DetailsViewController.swift; sourceTree = "<group>"; };
		3CBFC71B2A8E617800FC65E3 /* MainViewCell.swift */ = {isa = PBXFileReference; lastKnownFileType = sourcecode.swift; path = MainViewCell.swift; sourceTree = "<group>"; };
		3CBFC71D2A8E69A300FC65E3 /* SectionHeaderView.swift */ = {isa = PBXFileReference; lastKnownFileType = sourcecode.swift; path = SectionHeaderView.swift; sourceTree = "<group>"; };
		3CBFC71F2A8E6B7800FC65E3 /* InfoCell.swift */ = {isa = PBXFileReference; lastKnownFileType = sourcecode.swift; path = InfoCell.swift; sourceTree = "<group>"; };
		3CBFC7212A8E872900FC65E3 /* OriginCell.swift */ = {isa = PBXFileReference; lastKnownFileType = sourcecode.swift; path = OriginCell.swift; sourceTree = "<group>"; };
		3CBFC7232A8EB5D500FC65E3 /* EpisodeCell.swift */ = {isa = PBXFileReference; lastKnownFileType = sourcecode.swift; path = EpisodeCell.swift; sourceTree = "<group>"; };
		3CBFC7262A8F4C5200FC65E3 /* Colors.swift */ = {isa = PBXFileReference; lastKnownFileType = sourcecode.swift; path = Colors.swift; sourceTree = "<group>"; };
/* End PBXFileReference section */

/* Begin PBXFrameworksBuildPhase section */
		3C194DB52A8E2F7300AF4A5E /* Frameworks */ = {
			isa = PBXFrameworksBuildPhase;
			buildActionMask = 2147483647;
			files = (
			);
			runOnlyForDeploymentPostprocessing = 0;
		};
/* End PBXFrameworksBuildPhase section */

/* Begin PBXGroup section */
		3C194DAF2A8E2F7300AF4A5E = {
			isa = PBXGroup;
			children = (
				3C194DBA2A8E2F7300AF4A5E /* RickAndMortyTestTask */,
				3C194DB92A8E2F7300AF4A5E /* Products */,
			);
			sourceTree = "<group>";
		};
		3C194DB92A8E2F7300AF4A5E /* Products */ = {
			isa = PBXGroup;
			children = (
				3C194DB82A8E2F7300AF4A5E /* RickAndMortyTestTask.app */,
			);
			name = Products;
			sourceTree = "<group>";
		};
		3C194DBA2A8E2F7300AF4A5E /* RickAndMortyTestTask */ = {
			isa = PBXGroup;
			children = (
				3C194DD12A8E324A00AF4A5E /* App */,
				3CBFC7252A8F4C4000FC65E3 /* Extensions */,
				3CBFC70F2A8E45D800FC65E3 /* Models */,
				3CBFC70C2A8E45B300FC65E3 /* Services */,
				3CBFC7162A8E49C400FC65E3 /* Views */,
				3C194DCF2A8E323800AF4A5E /* Controllers */,
				3C194DD02A8E324300AF4A5E /* Resources */,
				3C194DC92A8E2F7500AF4A5E /* Info.plist */,
			);
			path = RickAndMortyTestTask;
			sourceTree = "<group>";
		};
		3C194DCF2A8E323800AF4A5E /* Controllers */ = {
			isa = PBXGroup;
			children = (
				3C194DBF2A8E2F7300AF4A5E /* ListViewController.swift */,
				3CBFC7192A8E5F8400FC65E3 /* DetailsViewController.swift */,
			);
			path = Controllers;
			sourceTree = "<group>";
		};
		3C194DD02A8E324300AF4A5E /* Resources */ = {
			isa = PBXGroup;
			children = (
				3C194DC42A8E2F7500AF4A5E /* Assets.xcassets */,
				3C194DC62A8E2F7500AF4A5E /* LaunchScreen.storyboard */,
			);
			path = Resources;
			sourceTree = "<group>";
		};
		3C194DD12A8E324A00AF4A5E /* App */ = {
			isa = PBXGroup;
			children = (
				3C194DBB2A8E2F7300AF4A5E /* AppDelegate.swift */,
				3C194DBD2A8E2F7300AF4A5E /* SceneDelegate.swift */,
			);
			path = App;
			sourceTree = "<group>";
		};
		3CBFC70C2A8E45B300FC65E3 /* Services */ = {
			isa = PBXGroup;
			children = (
				3CBFC70D2A8E45C300FC65E3 /* NetworkManager.swift */,
				3CBFC7172A8E591F00FC65E3 /* ImageCacheManager.swift */,
			);
			path = Services;
			sourceTree = "<group>";
		};
		3CBFC70F2A8E45D800FC65E3 /* Models */ = {
			isa = PBXGroup;
			children = (
				3CBFC7102A8E45E500FC65E3 /* RickAndMorty.swift */,
				3CBFC7122A8E45FB00FC65E3 /* Episode.swift */,
			);
			path = Models;
			sourceTree = "<group>";
		};
		3CBFC7162A8E49C400FC65E3 /* Views */ = {
			isa = PBXGroup;
			children = (
				3CBFC7142A8E49C100FC65E3 /* CharacterCell.swift */,
				3CBFC71D2A8E69A300FC65E3 /* SectionHeaderView.swift */,
				3CBFC71B2A8E617800FC65E3 /* MainViewCell.swift */,
				3CBFC71F2A8E6B7800FC65E3 /* InfoCell.swift */,
				3CBFC7212A8E872900FC65E3 /* OriginCell.swift */,
				3CBFC7232A8EB5D500FC65E3 /* EpisodeCell.swift */,
			);
			path = Views;
			sourceTree = "<group>";
		};
		3CBFC7252A8F4C4000FC65E3 /* Extensions */ = {
			isa = PBXGroup;
			children = (
				3CBFC7262A8F4C5200FC65E3 /* Colors.swift */,
			);
			path = Extensions;
			sourceTree = "<group>";
		};
/* End PBXGroup section */

/* Begin PBXNativeTarget section */
		3C194DB72A8E2F7300AF4A5E /* RickAndMortyTestTask */ = {
			isa = PBXNativeTarget;
			buildConfigurationList = 3C194DCC2A8E2F7500AF4A5E /* Build configuration list for PBXNativeTarget "RickAndMortyTestTask" */;
			buildPhases = (
				3C194DB42A8E2F7300AF4A5E /* Sources */,
				3C194DB52A8E2F7300AF4A5E /* Frameworks */,
				3C194DB62A8E2F7300AF4A5E /* Resources */,
			);
			buildRules = (
			);
			dependencies = (
			);
			name = RickAndMortyTestTask;
			productName = RickAndMortyTestTask;
			productReference = 3C194DB82A8E2F7300AF4A5E /* RickAndMortyTestTask.app */;
			productType = "com.apple.product-type.application";
		};
/* End PBXNativeTarget section */

/* Begin PBXProject section */
		3C194DB02A8E2F7300AF4A5E /* Project object */ = {
			isa = PBXProject;
			attributes = {
				BuildIndependentTargetsInParallel = 1;
				LastSwiftUpdateCheck = 1430;
				LastUpgradeCheck = 1430;
				TargetAttributes = {
					3C194DB72A8E2F7300AF4A5E = {
						CreatedOnToolsVersion = 14.3.1;
					};
				};
			};
			buildConfigurationList = 3C194DB32A8E2F7300AF4A5E /* Build configuration list for PBXProject "RickAndMortyTestTask" */;
			compatibilityVersion = "Xcode 14.0";
			developmentRegion = en;
			hasScannedForEncodings = 0;
			knownRegions = (
				en,
				Base,
			);
			mainGroup = 3C194DAF2A8E2F7300AF4A5E;
			productRefGroup = 3C194DB92A8E2F7300AF4A5E /* Products */;
			projectDirPath = "";
			projectRoot = "";
			targets = (
				3C194DB72A8E2F7300AF4A5E /* RickAndMortyTestTask */,
			);
		};
/* End PBXProject section */

/* Begin PBXResourcesBuildPhase section */
		3C194DB62A8E2F7300AF4A5E /* Resources */ = {
			isa = PBXResourcesBuildPhase;
			buildActionMask = 2147483647;
			files = (
				3C194DC82A8E2F7500AF4A5E /* LaunchScreen.storyboard in Resources */,
				3C194DC52A8E2F7500AF4A5E /* Assets.xcassets in Resources */,
			);
			runOnlyForDeploymentPostprocessing = 0;
		};
/* End PBXResourcesBuildPhase section */

/* Begin PBXSourcesBuildPhase section */
		3C194DB42A8E2F7300AF4A5E /* Sources */ = {
			isa = PBXSourcesBuildPhase;
			buildActionMask = 2147483647;
			files = (
				3CBFC70E2A8E45C300FC65E3 /* NetworkManager.swift in Sources */,
				3CBFC7272A8F4C5200FC65E3 /* Colors.swift in Sources */,
				3CBFC7132A8E45FB00FC65E3 /* Episode.swift in Sources */,
				3CBFC71A2A8E5F8400FC65E3 /* DetailsViewController.swift in Sources */,
				3CBFC71E2A8E69A300FC65E3 /* SectionHeaderView.swift in Sources */,
				3C194DC02A8E2F7300AF4A5E /* ListViewController.swift in Sources */,
				3CBFC7202A8E6B7800FC65E3 /* InfoCell.swift in Sources */,
				3CBFC7152A8E49C100FC65E3 /* CharacterCell.swift in Sources */,
				3CBFC71C2A8E617800FC65E3 /* MainViewCell.swift in Sources */,
				3CBFC7182A8E591F00FC65E3 /* ImageCacheManager.swift in Sources */,
				3C194DBC2A8E2F7300AF4A5E /* AppDelegate.swift in Sources */,
				3CBFC7112A8E45E500FC65E3 /* RickAndMorty.swift in Sources */,
				3CBFC7242A8EB5D500FC65E3 /* EpisodeCell.swift in Sources */,
				3C194DBE2A8E2F7300AF4A5E /* SceneDelegate.swift in Sources */,
				3CBFC7222A8E872900FC65E3 /* OriginCell.swift in Sources */,
			);
			runOnlyForDeploymentPostprocessing = 0;
		};
/* End PBXSourcesBuildPhase section */

/* Begin PBXVariantGroup section */
		3C194DC62A8E2F7500AF4A5E /* LaunchScreen.storyboard */ = {
			isa = PBXVariantGroup;
			children = (
				3C194DC72A8E2F7500AF4A5E /* Base */,
			);
			name = LaunchScreen.storyboard;
			sourceTree = "<group>";
		};
/* End PBXVariantGroup section */

/* Begin XCBuildConfiguration section */
		3C194DCA2A8E2F7500AF4A5E /* Debug */ = {
			isa = XCBuildConfiguration;
			buildSettings = {
				ALWAYS_SEARCH_USER_PATHS = NO;
				CLANG_ANALYZER_NONNULL = YES;
				CLANG_ANALYZER_NUMBER_OBJECT_CONVERSION = YES_AGGRESSIVE;
				CLANG_CXX_LANGUAGE_STANDARD = "gnu++20";
				CLANG_ENABLE_MODULES = YES;
				CLANG_ENABLE_OBJC_ARC = YES;
				CLANG_ENABLE_OBJC_WEAK = YES;
				CLANG_WARN_BLOCK_CAPTURE_AUTORELEASING = YES;
				CLANG_WARN_BOOL_CONVERSION = YES;
				CLANG_WARN_COMMA = YES;
				CLANG_WARN_CONSTANT_CONVERSION = YES;
				CLANG_WARN_DEPRECATED_OBJC_IMPLEMENTATIONS = YES;
				CLANG_WARN_DIRECT_OBJC_ISA_USAGE = YES_ERROR;
				CLANG_WARN_DOCUMENTATION_COMMENTS = YES;
				CLANG_WARN_EMPTY_BODY = YES;
				CLANG_WARN_ENUM_CONVERSION = YES;
				CLANG_WARN_INFINITE_RECURSION = YES;
				CLANG_WARN_INT_CONVERSION = YES;
				CLANG_WARN_NON_LITERAL_NULL_CONVERSION = YES;
				CLANG_WARN_OBJC_IMPLICIT_RETAIN_SELF = YES;
				CLANG_WARN_OBJC_LITERAL_CONVERSION = YES;
				CLANG_WARN_OBJC_ROOT_CLASS = YES_ERROR;
				CLANG_WARN_QUOTED_INCLUDE_IN_FRAMEWORK_HEADER = YES;
				CLANG_WARN_RANGE_LOOP_ANALYSIS = YES;
				CLANG_WARN_STRICT_PROTOTYPES = YES;
				CLANG_WARN_SUSPICIOUS_MOVE = YES;
				CLANG_WARN_UNGUARDED_AVAILABILITY = YES_AGGRESSIVE;
				CLANG_WARN_UNREACHABLE_CODE = YES;
				CLANG_WARN__DUPLICATE_METHOD_MATCH = YES;
				COPY_PHASE_STRIP = NO;
				DEBUG_INFORMATION_FORMAT = dwarf;
				ENABLE_STRICT_OBJC_MSGSEND = YES;
				ENABLE_TESTABILITY = YES;
				GCC_C_LANGUAGE_STANDARD = gnu11;
				GCC_DYNAMIC_NO_PIC = NO;
				GCC_NO_COMMON_BLOCKS = YES;
				GCC_OPTIMIZATION_LEVEL = 0;
				GCC_PREPROCESSOR_DEFINITIONS = (
					"DEBUG=1",
					"$(inherited)",
				);
				GCC_WARN_64_TO_32_BIT_CONVERSION = YES;
				GCC_WARN_ABOUT_RETURN_TYPE = YES_ERROR;
				GCC_WARN_UNDECLARED_SELECTOR = YES;
				GCC_WARN_UNINITIALIZED_AUTOS = YES_AGGRESSIVE;
				GCC_WARN_UNUSED_FUNCTION = YES;
				GCC_WARN_UNUSED_VARIABLE = YES;
				IPHONEOS_DEPLOYMENT_TARGET = 16.4;
				MTL_ENABLE_DEBUG_INFO = INCLUDE_SOURCE;
				MTL_FAST_MATH = YES;
				ONLY_ACTIVE_ARCH = YES;
				SDKROOT = iphoneos;
				SWIFT_ACTIVE_COMPILATION_CONDITIONS = DEBUG;
				SWIFT_OPTIMIZATION_LEVEL = "-Onone";
			};
			name = Debug;
		};
		3C194DCB2A8E2F7500AF4A5E /* Release */ = {
			isa = XCBuildConfiguration;
			buildSettings = {
				ALWAYS_SEARCH_USER_PATHS = NO;
				CLANG_ANALYZER_NONNULL = YES;
				CLANG_ANALYZER_NUMBER_OBJECT_CONVERSION = YES_AGGRESSIVE;
				CLANG_CXX_LANGUAGE_STANDARD = "gnu++20";
				CLANG_ENABLE_MODULES = YES;
				CLANG_ENABLE_OBJC_ARC = YES;
				CLANG_ENABLE_OBJC_WEAK = YES;
				CLANG_WARN_BLOCK_CAPTURE_AUTORELEASING = YES;
				CLANG_WARN_BOOL_CONVERSION = YES;
				CLANG_WARN_COMMA = YES;
				CLANG_WARN_CONSTANT_CONVERSION = YES;
				CLANG_WARN_DEPRECATED_OBJC_IMPLEMENTATIONS = YES;
				CLANG_WARN_DIRECT_OBJC_ISA_USAGE = YES_ERROR;
				CLANG_WARN_DOCUMENTATION_COMMENTS = YES;
				CLANG_WARN_EMPTY_BODY = YES;
				CLANG_WARN_ENUM_CONVERSION = YES;
				CLANG_WARN_INFINITE_RECURSION = YES;
				CLANG_WARN_INT_CONVERSION = YES;
				CLANG_WARN_NON_LITERAL_NULL_CONVERSION = YES;
				CLANG_WARN_OBJC_IMPLICIT_RETAIN_SELF = YES;
				CLANG_WARN_OBJC_LITERAL_CONVERSION = YES;
				CLANG_WARN_OBJC_ROOT_CLASS = YES_ERROR;
				CLANG_WARN_QUOTED_INCLUDE_IN_FRAMEWORK_HEADER = YES;
				CLANG_WARN_RANGE_LOOP_ANALYSIS = YES;
				CLANG_WARN_STRICT_PROTOTYPES = YES;
				CLANG_WARN_SUSPICIOUS_MOVE = YES;
				CLANG_WARN_UNGUARDED_AVAILABILITY = YES_AGGRESSIVE;
				CLANG_WARN_UNREACHABLE_CODE = YES;
				CLANG_WARN__DUPLICATE_METHOD_MATCH = YES;
				COPY_PHASE_STRIP = NO;
				DEBUG_INFORMATION_FORMAT = "dwarf-with-dsym";
				ENABLE_NS_ASSERTIONS = NO;
				ENABLE_STRICT_OBJC_MSGSEND = YES;
				GCC_C_LANGUAGE_STANDARD = gnu11;
				GCC_NO_COMMON_BLOCKS = YES;
				GCC_WARN_64_TO_32_BIT_CONVERSION = YES;
				GCC_WARN_ABOUT_RETURN_TYPE = YES_ERROR;
				GCC_WARN_UNDECLARED_SELECTOR = YES;
				GCC_WARN_UNINITIALIZED_AUTOS = YES_AGGRESSIVE;
				GCC_WARN_UNUSED_FUNCTION = YES;
				GCC_WARN_UNUSED_VARIABLE = YES;
				IPHONEOS_DEPLOYMENT_TARGET = 16.4;
				MTL_ENABLE_DEBUG_INFO = NO;
				MTL_FAST_MATH = YES;
				SDKROOT = iphoneos;
				SWIFT_COMPILATION_MODE = wholemodule;
				SWIFT_OPTIMIZATION_LEVEL = "-O";
				VALIDATE_PRODUCT = YES;
			};
			name = Release;
		};
		3C194DCD2A8E2F7500AF4A5E /* Debug */ = {
			isa = XCBuildConfiguration;
			buildSettings = {
				ASSETCATALOG_COMPILER_APPICON_NAME = AppIcon;
				ASSETCATALOG_COMPILER_GLOBAL_ACCENT_COLOR_NAME = AccentColor;
				CODE_SIGN_STYLE = Automatic;
				CURRENT_PROJECT_VERSION = 1;
				DEVELOPMENT_TEAM = T22G8674NU;
				GENERATE_INFOPLIST_FILE = YES;
				INFOPLIST_FILE = RickAndMortyTestTask/Info.plist;
				INFOPLIST_KEY_UIApplicationSupportsIndirectInputEvents = YES;
				INFOPLIST_KEY_UILaunchStoryboardName = LaunchScreen;
				INFOPLIST_KEY_UISupportedInterfaceOrientations_iPad = "UIInterfaceOrientationPortrait UIInterfaceOrientationPortraitUpsideDown UIInterfaceOrientationLandscapeLeft UIInterfaceOrientationLandscapeRight";
				INFOPLIST_KEY_UISupportedInterfaceOrientations_iPhone = "UIInterfaceOrientationPortrait UIInterfaceOrientationLandscapeLeft UIInterfaceOrientationLandscapeRight";
				LD_RUNPATH_SEARCH_PATHS = (
					"$(inherited)",
					"@executable_path/Frameworks",
				);
				MARKETING_VERSION = 1.0;
				PRODUCT_BUNDLE_IDENTIFIER = KirillTaraturin.RickAndMortyTestTask;
				PRODUCT_NAME = "$(TARGET_NAME)";
				SWIFT_EMIT_LOC_STRINGS = YES;
				SWIFT_VERSION = 5.0;
				TARGETED_DEVICE_FAMILY = "1,2";
			};
			name = Debug;
		};
		3C194DCE2A8E2F7500AF4A5E /* Release */ = {
			isa = XCBuildConfiguration;
			buildSettings = {
				ASSETCATALOG_COMPILER_APPICON_NAME = AppIcon;
				ASSETCATALOG_COMPILER_GLOBAL_ACCENT_COLOR_NAME = AccentColor;
				CODE_SIGN_STYLE = Automatic;
				CURRENT_PROJECT_VERSION = 1;
				DEVELOPMENT_TEAM = T22G8674NU;
				GENERATE_INFOPLIST_FILE = YES;
				INFOPLIST_FILE = RickAndMortyTestTask/Info.plist;
				INFOPLIST_KEY_UIApplicationSupportsIndirectInputEvents = YES;
				INFOPLIST_KEY_UILaunchStoryboardName = LaunchScreen;
				INFOPLIST_KEY_UISupportedInterfaceOrientations_iPad = "UIInterfaceOrientationPortrait UIInterfaceOrientationPortraitUpsideDown UIInterfaceOrientationLandscapeLeft UIInterfaceOrientationLandscapeRight";
				INFOPLIST_KEY_UISupportedInterfaceOrientations_iPhone = "UIInterfaceOrientationPortrait UIInterfaceOrientationLandscapeLeft UIInterfaceOrientationLandscapeRight";
				LD_RUNPATH_SEARCH_PATHS = (
					"$(inherited)",
					"@executable_path/Frameworks",
				);
				MARKETING_VERSION = 1.0;
				PRODUCT_BUNDLE_IDENTIFIER = KirillTaraturin.RickAndMortyTestTask;
				PRODUCT_NAME = "$(TARGET_NAME)";
				SWIFT_EMIT_LOC_STRINGS = YES;
				SWIFT_VERSION = 5.0;
				TARGETED_DEVICE_FAMILY = "1,2";
			};
			name = Release;
		};
/* End XCBuildConfiguration section */

/* Begin XCConfigurationList section */
		3C194DB32A8E2F7300AF4A5E /* Build configuration list for PBXProject "RickAndMortyTestTask" */ = {
			isa = XCConfigurationList;
			buildConfigurations = (
				3C194DCA2A8E2F7500AF4A5E /* Debug */,
				3C194DCB2A8E2F7500AF4A5E /* Release */,
			);
			defaultConfigurationIsVisible = 0;
			defaultConfigurationName = Release;
		};
		3C194DCC2A8E2F7500AF4A5E /* Build configuration list for PBXNativeTarget "RickAndMortyTestTask" */ = {
			isa = XCConfigurationList;
			buildConfigurations = (
				3C194DCD2A8E2F7500AF4A5E /* Debug */,
				3C194DCE2A8E2F7500AF4A5E /* Release */,
			);
			defaultConfigurationIsVisible = 0;
			defaultConfigurationName = Release;
		};
/* End XCConfigurationList section */
	};
	rootObject = 3C194DB02A8E2F7300AF4A5E /* Project object */;
}
